
Microsoft Visual Studio Solution File, Format Version 12.00
# Visual Studio Version 16
VisualStudioVersion = 16.0.32428.217
MinimumVisualStudioVersion = 10.0.40219.1
Project("{FAE04EC0-301F-11D3-BF4B-00C04F79EFBC}") = "MLMOUAD", "MLMOUAD\MLMOUAD.csproj", "{0EAEFE96-374F-41A4-89AE-6DF6F68A480F}"
EndProject
Global
	GlobalSection(SolutionConfigurationPlatforms) = preSolution
		Debug|Any CPU = Debug|Any CPU
		Release|Any CPU = Release|Any CPU
	EndGlobalSection
	GlobalSection(ProjectConfigurationPlatforms) = postSolution
		{0EAEFE96-374F-41A4-89AE-6DF6F68A480F}.Debug|Any CPU.ActiveCfg = Debug|Any CPU
		{0EAEFE96-374F-41A4-89AE-6DF6F68A480F}.Debug|Any CPU.Build.0 = Debug|Any CPU
		{0EAEFE96-374F-41A4-89AE-6DF6F68A480F}.Release|Any CPU.ActiveCfg = Release|Any CPU
		{0EAEFE96-374F-41A4-89AE-6DF6F68A480F}.Release|Any CPU.Build.0 = Release|Any CPU
	EndGlobalSection
	GlobalSection(SolutionProperties) = preSolution
		HideSolutionNode = FALSE
	EndGlobalSection
	GlobalSection(ExtensibilityGlobals) = postSolution
		SolutionGuid = {55960BA7-4F88-4CA0-8857-296941B9EC45}
	EndGlobalSection
EndGlobal
